
Microsoft Visual Studio Solution File, Format Version 12.00
Project("{FAE04EC0-301F-11D3-BF4B-00C04F79EFBC}") = "Auto_Auction", "Auto_Auction\Auto_Auction.csproj", "{09524630-1F50-46E1-BB9B-292FE22296EF}"
EndProject
Global
	GlobalSection(SolutionConfigurationPlatforms) = preSolution
		Debug|Any CPU = Debug|Any CPU
		Release|Any CPU = Release|Any CPU
	EndGlobalSection
	GlobalSection(ProjectConfigurationPlatforms) = postSolution
		{09524630-1F50-46E1-BB9B-292FE22296EF}.Debug|Any CPU.ActiveCfg = Debug|Any CPU
		{09524630-1F50-46E1-BB9B-292FE22296EF}.Debug|Any CPU.Build.0 = Debug|Any CPU
		{09524630-1F50-46E1-BB9B-292FE22296EF}.Release|Any CPU.ActiveCfg = Release|Any CPU
		{09524630-1F50-46E1-BB9B-292FE22296EF}.Release|Any CPU.Build.0 = Release|Any CPU
	EndGlobalSection
EndGlobal
